{
  "name": "Thesis4th",
  "lockfileVersion": 2,
  "requires": true,
  "packages": {
    "": {
      "dependencies": {
        "port": "^0.8.1",
        "serial": "^0.0.9"
      }
    },
    "node_modules/port": {
      "version": "0.8.1",
      "resolved": "https://registry.npmjs.org/port/-/port-0.8.1.tgz",
      "integrity": "sha1-ScsVBk5JZu/aaqlXJpquuceQBSE="
    },
    "node_modules/serial": {
      "version": "0.0.9",
      "resolved": "https://registry.npmjs.org/serial/-/serial-0.0.9.tgz",
      "integrity": "sha1-ze3bzrvOKd3h/yJV2KQyR5nV59Q="
    }
  },
  "dependencies": {
    "port": {
      "version": "0.8.1",
      "resolved": "https://registry.npmjs.org/port/-/port-0.8.1.tgz",
      "integrity": "sha1-ScsVBk5JZu/aaqlXJpquuceQBSE="
    },
    "serial": {
      "version": "0.0.9",
      "resolved": "https://registry.npmjs.org/serial/-/serial-0.0.9.tgz",
      "integrity": "sha1-ze3bzrvOKd3h/yJV2KQyR5nV59Q="
    }
  }
}
